
Microsoft Visual Studio Solution File, Format Version 12.00
Project("{2150E333-8FDC-42A3-9474-1A3956D46DE8}") = "src", "src", "{4C9B81AC-03B9-4964-B5B7-1A94FD23A7A3}"
EndProject
Project("{FAE04EC0-301F-11D3-BF4B-00C04F79EFBC}") = "ProofOfConcept", "src\ProofOfConcept\ProofOfConcept.csproj", "{37774EEF-79C6-4F71-9C68-64F07B202094}"
EndProject
Global
	GlobalSection(SolutionConfigurationPlatforms) = preSolution
		Debug|Any CPU = Debug|Any CPU
		Release|Any CPU = Release|Any CPU
	EndGlobalSection
	GlobalSection(NestedProjects) = preSolution
		{37774EEF-79C6-4F71-9C68-64F07B202094} = {4C9B81AC-03B9-4964-B5B7-1A94FD23A7A3}
	EndGlobalSection
	GlobalSection(ProjectConfigurationPlatforms) = postSolution
		{37774EEF-79C6-4F71-9C68-64F07B202094}.Debug|Any CPU.ActiveCfg = Debug|Any CPU
		{37774EEF-79C6-4F71-9C68-64F07B202094}.Debug|Any CPU.Build.0 = Debug|Any CPU
		{37774EEF-79C6-4F71-9C68-64F07B202094}.Release|Any CPU.ActiveCfg = Release|Any CPU
		{37774EEF-79C6-4F71-9C68-64F07B202094}.Release|Any CPU.Build.0 = Release|Any CPU
	EndGlobalSection
EndGlobal
